// !$*UTF8*$!
{
	archiveVersion = 1;
	classes = {
	};
	objectVersion = 51;
	objects = {

/* Begin PBXBuildFile section */
		845EECC52556B9D200045425 /* UILabel+Utils.swift in Sources */ = {isa = PBXBuildFile; fileRef = 845EECC42556B9D200045425 /* UILabel+Utils.swift */; };
		84BC2444255717B3006B86C4 /* ResultTableViewCell.swift in Sources */ = {isa = PBXBuildFile; fileRef = 84BC2443255717B3006B86C4 /* ResultTableViewCell.swift */; };
		84F4F0D025568570008E97FC /* UIImageView+Utils.swift in Sources */ = {isa = PBXBuildFile; fileRef = 84F4F0CF25568570008E97FC /* UIImageView+Utils.swift */; };
		84F4F0D925568B24008E97FC /* CardView.swift in Sources */ = {isa = PBXBuildFile; fileRef = 84F4F0D825568B24008E97FC /* CardView.swift */; };
		84F4F0DC25568B31008E97FC /* CardView.xib in Resources */ = {isa = PBXBuildFile; fileRef = 84F4F0DB25568B31008E97FC /* CardView.xib */; };
		84F4F0E025569B8D008E97FC /* MyCollectionCell.swift in Sources */ = {isa = PBXBuildFile; fileRef = 84F4F0DE25569B8D008E97FC /* MyCollectionCell.swift */; };
		84F4F0E125569B8D008E97FC /* MyCollectionCell.xib in Resources */ = {isa = PBXBuildFile; fileRef = 84F4F0DF25569B8D008E97FC /* MyCollectionCell.xib */; };
		A5207624255712ED00A75DEC /* UIButton+Utils.swift in Sources */ = {isa = PBXBuildFile; fileRef = A5207623255712ED00A75DEC /* UIButton+Utils.swift */; };
		A56FB3642556FE00007C0EC7 /* Models.swift in Sources */ = {isa = PBXBuildFile; fileRef = A56FB3632556FE00007C0EC7 /* Models.swift */; };
		A5B9DFDF2556BE0B00E91051 /* RoomVooterCell.swift in Sources */ = {isa = PBXBuildFile; fileRef = A5B9DFDE2556BE0B00E91051 /* RoomVooterCell.swift */; };
		A5CFED4F255756DF0092B801 /* Locator.swift in Sources */ = {isa = PBXBuildFile; fileRef = A5CFED4E255756DF0092B801 /* Locator.swift */; };
		A5FB303D2555AD3E009E1018 /* AppDelegate.swift in Sources */ = {isa = PBXBuildFile; fileRef = A5FB303C2555AD3E009E1018 /* AppDelegate.swift */; };
		A5FB303F2555AD3E009E1018 /* SceneDelegate.swift in Sources */ = {isa = PBXBuildFile; fileRef = A5FB303E2555AD3E009E1018 /* SceneDelegate.swift */; };
		A5FB30412555AD3E009E1018 /* RoomController.swift in Sources */ = {isa = PBXBuildFile; fileRef = A5FB30402555AD3E009E1018 /* RoomController.swift */; };
		A5FB30442555AD3E009E1018 /* Room.storyboard in Resources */ = {isa = PBXBuildFile; fileRef = A5FB30422555AD3E009E1018 /* Room.storyboard */; };
		A5FB30462555AD41009E1018 /* Assets.xcassets in Resources */ = {isa = PBXBuildFile; fileRef = A5FB30452555AD41009E1018 /* Assets.xcassets */; };
		A5FB30492555AD41009E1018 /* LaunchScreen.storyboard in Resources */ = {isa = PBXBuildFile; fileRef = A5FB30472555AD41009E1018 /* LaunchScreen.storyboard */; };
		A5FB30532555E813009E1018 /* VoteController.swift in Sources */ = {isa = PBXBuildFile; fileRef = A5FB30522555E813009E1018 /* VoteController.swift */; };
		A5FB30562555E82D009E1018 /* ResultController.swift in Sources */ = {isa = PBXBuildFile; fileRef = A5FB30552555E82D009E1018 /* ResultController.swift */; };
		A5FB305B2555E876009E1018 /* Vote.storyboard in Resources */ = {isa = PBXBuildFile; fileRef = A5FB305A2555E876009E1018 /* Vote.storyboard */; };
		A5FB30632555F285009E1018 /* Server.swift in Sources */ = {isa = PBXBuildFile; fileRef = A5FB30622555F285009E1018 /* Server.swift */; };
		A5FB30672556758B009E1018 /* Result.storyboard in Resources */ = {isa = PBXBuildFile; fileRef = A5FB30662556758B009E1018 /* Result.storyboard */; };
		A5FB3076255678A8009E1018 /* UIView+Utils.swift in Sources */ = {isa = PBXBuildFile; fileRef = A5FB3075255678A8009E1018 /* UIView+Utils.swift */; };
		A5FB307D255681A9009E1018 /* Storage.swift in Sources */ = {isa = PBXBuildFile; fileRef = A5FB307C255681A9009E1018 /* Storage.swift */; };
		A5FB30822556923E009E1018 /* NamePopupController.swift in Sources */ = {isa = PBXBuildFile; fileRef = A5FB30812556923E009E1018 /* NamePopupController.swift */; };
		C1F6393AFD02421F50F5892D /* Pods_JunctionApp.framework in Frameworks */ = {isa = PBXBuildFile; fileRef = C130349F163FB0C08A22D22A /* Pods_JunctionApp.framework */; };
/* End PBXBuildFile section */

/* Begin PBXFileReference section */
		41EA1A7DD5DB656D5D233F6D /* Pods-JunctionApp.release.xcconfig */ = {isa = PBXFileReference; includeInIndex = 1; lastKnownFileType = text.xcconfig; name = "Pods-JunctionApp.release.xcconfig"; path = "Target Support Files/Pods-JunctionApp/Pods-JunctionApp.release.xcconfig"; sourceTree = "<group>"; };
		5015DF307DE5BE4448481FAB /* Pods-JunctionApp.debug.xcconfig */ = {isa = PBXFileReference; includeInIndex = 1; lastKnownFileType = text.xcconfig; name = "Pods-JunctionApp.debug.xcconfig"; path = "Target Support Files/Pods-JunctionApp/Pods-JunctionApp.debug.xcconfig"; sourceTree = "<group>"; };
		845EECC42556B9D200045425 /* UILabel+Utils.swift */ = {isa = PBXFileReference; lastKnownFileType = sourcecode.swift; path = "UILabel+Utils.swift"; sourceTree = "<group>"; };
		84BC2443255717B3006B86C4 /* ResultTableViewCell.swift */ = {isa = PBXFileReference; lastKnownFileType = sourcecode.swift; path = ResultTableViewCell.swift; sourceTree = "<group>"; };
		84F4F0CF25568570008E97FC /* UIImageView+Utils.swift */ = {isa = PBXFileReference; lastKnownFileType = sourcecode.swift; path = "UIImageView+Utils.swift"; sourceTree = "<group>"; };
		84F4F0D825568B24008E97FC /* CardView.swift */ = {isa = PBXFileReference; lastKnownFileType = sourcecode.swift; path = CardView.swift; sourceTree = "<group>"; };
		84F4F0DB25568B31008E97FC /* CardView.xib */ = {isa = PBXFileReference; lastKnownFileType = file.xib; path = CardView.xib; sourceTree = "<group>"; };
		84F4F0DE25569B8D008E97FC /* MyCollectionCell.swift */ = {isa = PBXFileReference; lastKnownFileType = sourcecode.swift; path = MyCollectionCell.swift; sourceTree = "<group>"; };
		84F4F0DF25569B8D008E97FC /* MyCollectionCell.xib */ = {isa = PBXFileReference; lastKnownFileType = file.xib; path = MyCollectionCell.xib; sourceTree = "<group>"; };
		A5207623255712ED00A75DEC /* UIButton+Utils.swift */ = {isa = PBXFileReference; lastKnownFileType = sourcecode.swift; path = "UIButton+Utils.swift"; sourceTree = "<group>"; };
		A56FB3632556FE00007C0EC7 /* Models.swift */ = {isa = PBXFileReference; lastKnownFileType = sourcecode.swift; path = Models.swift; sourceTree = "<group>"; };
		A5B9DFDE2556BE0B00E91051 /* RoomVooterCell.swift */ = {isa = PBXFileReference; lastKnownFileType = sourcecode.swift; path = RoomVooterCell.swift; sourceTree = "<group>"; };
		A5CFED4E255756DF0092B801 /* Locator.swift */ = {isa = PBXFileReference; lastKnownFileType = sourcecode.swift; path = Locator.swift; sourceTree = "<group>"; };
		A5FB30392555AD3E009E1018 /* JunctionApp.app */ = {isa = PBXFileReference; explicitFileType = wrapper.application; includeInIndex = 0; path = JunctionApp.app; sourceTree = BUILT_PRODUCTS_DIR; };
		A5FB303C2555AD3E009E1018 /* AppDelegate.swift */ = {isa = PBXFileReference; lastKnownFileType = sourcecode.swift; path = AppDelegate.swift; sourceTree = "<group>"; };
		A5FB303E2555AD3E009E1018 /* SceneDelegate.swift */ = {isa = PBXFileReference; lastKnownFileType = sourcecode.swift; path = SceneDelegate.swift; sourceTree = "<group>"; };
		A5FB30402555AD3E009E1018 /* RoomController.swift */ = {isa = PBXFileReference; lastKnownFileType = sourcecode.swift; path = RoomController.swift; sourceTree = "<group>"; };
		A5FB30432555AD3E009E1018 /* Base */ = {isa = PBXFileReference; lastKnownFileType = file.storyboard; name = Base; path = Base.lproj/Room.storyboard; sourceTree = "<group>"; };
		A5FB30452555AD41009E1018 /* Assets.xcassets */ = {isa = PBXFileReference; lastKnownFileType = folder.assetcatalog; path = Assets.xcassets; sourceTree = "<group>"; };
		A5FB30482555AD41009E1018 /* Base */ = {isa = PBXFileReference; lastKnownFileType = file.storyboard; name = Base; path = Base.lproj/LaunchScreen.storyboard; sourceTree = "<group>"; };
		A5FB304A2555AD41009E1018 /* Info.plist */ = {isa = PBXFileReference; lastKnownFileType = text.plist.xml; path = Info.plist; sourceTree = "<group>"; };
		A5FB30522555E813009E1018 /* VoteController.swift */ = {isa = PBXFileReference; lastKnownFileType = sourcecode.swift; path = VoteController.swift; sourceTree = "<group>"; };
		A5FB30552555E82D009E1018 /* ResultController.swift */ = {isa = PBXFileReference; lastKnownFileType = sourcecode.swift; path = ResultController.swift; sourceTree = "<group>"; };
		A5FB305A2555E876009E1018 /* Vote.storyboard */ = {isa = PBXFileReference; lastKnownFileType = file.storyboard; path = Vote.storyboard; sourceTree = "<group>"; };
		A5FB30622555F285009E1018 /* Server.swift */ = {isa = PBXFileReference; lastKnownFileType = sourcecode.swift; path = Server.swift; sourceTree = "<group>"; };
		A5FB30662556758B009E1018 /* Result.storyboard */ = {isa = PBXFileReference; lastKnownFileType = file.storyboard; path = Result.storyboard; sourceTree = "<group>"; };
		A5FB3075255678A8009E1018 /* UIView+Utils.swift */ = {isa = PBXFileReference; lastKnownFileType = sourcecode.swift; path = "UIView+Utils.swift"; sourceTree = "<group>"; };
		A5FB307C255681A9009E1018 /* Storage.swift */ = {isa = PBXFileReference; lastKnownFileType = sourcecode.swift; path = Storage.swift; sourceTree = "<group>"; };
		A5FB30812556923E009E1018 /* NamePopupController.swift */ = {isa = PBXFileReference; lastKnownFileType = sourcecode.swift; path = NamePopupController.swift; sourceTree = "<group>"; };
		C130349F163FB0C08A22D22A /* Pods_JunctionApp.framework */ = {isa = PBXFileReference; explicitFileType = wrapper.framework; includeInIndex = 0; path = Pods_JunctionApp.framework; sourceTree = BUILT_PRODUCTS_DIR; };
/* End PBXFileReference section */

/* Begin PBXFrameworksBuildPhase section */
		A5FB30362555AD3E009E1018 /* Frameworks */ = {
			isa = PBXFrameworksBuildPhase;
			buildActionMask = 2147483647;
			files = (
				C1F6393AFD02421F50F5892D /* Pods_JunctionApp.framework in Frameworks */,
			);
			runOnlyForDeploymentPostprocessing = 0;
		};
/* End PBXFrameworksBuildPhase section */

/* Begin PBXGroup section */
		617128A3508D2531D4743D18 /* Frameworks */ = {
			isa = PBXGroup;
			children = (
				C130349F163FB0C08A22D22A /* Pods_JunctionApp.framework */,
			);
			name = Frameworks;
			sourceTree = "<group>";
		};
		84F4F0E72556A388008E97FC /* CardView */ = {
			isa = PBXGroup;
			children = (
				84F4F0D825568B24008E97FC /* CardView.swift */,
				84F4F0DB25568B31008E97FC /* CardView.xib */,
				84F4F0DE25569B8D008E97FC /* MyCollectionCell.swift */,
				84F4F0DF25569B8D008E97FC /* MyCollectionCell.xib */,
			);
			path = CardView;
			sourceTree = "<group>";
		};
		9D0F63C068122FDC5DEB85BC /* Pods */ = {
			isa = PBXGroup;
			children = (
				5015DF307DE5BE4448481FAB /* Pods-JunctionApp.debug.xcconfig */,
				41EA1A7DD5DB656D5D233F6D /* Pods-JunctionApp.release.xcconfig */,
			);
			path = Pods;
			sourceTree = "<group>";
		};
		A5FB30302555AD3E009E1018 = {
			isa = PBXGroup;
			children = (
				A5FB303B2555AD3E009E1018 /* JunctionApp */,
				A5FB303A2555AD3E009E1018 /* Products */,
				9D0F63C068122FDC5DEB85BC /* Pods */,
				617128A3508D2531D4743D18 /* Frameworks */,
			);
			sourceTree = "<group>";
		};
		A5FB303A2555AD3E009E1018 /* Products */ = {
			isa = PBXGroup;
			children = (
				A5FB30392555AD3E009E1018 /* JunctionApp.app */,
			);
			name = Products;
			sourceTree = "<group>";
		};
		A5FB303B2555AD3E009E1018 /* JunctionApp */ = {
			isa = PBXGroup;
			children = (
				A5FB306F255675DD009E1018 /* App */,
				A5FB3070255675E9009E1018 /* Services */,
				A5FB306C255675C3009E1018 /* Screens */,
				A5FB3078255678C9009E1018 /* Extenstions */,
				A5FB306E255675D2009E1018 /* Resources */,
			);
			path = JunctionApp;
			sourceTree = "<group>";
		};
		A5FB30582555E869009E1018 /* Room */ = {
			isa = PBXGroup;
			children = (
				A5FB30812556923E009E1018 /* NamePopupController.swift */,
				A5B9DFDE2556BE0B00E91051 /* RoomVooterCell.swift */,
				A5FB30402555AD3E009E1018 /* RoomController.swift */,
				A5FB30422555AD3E009E1018 /* Room.storyboard */,
			);
			path = Room;
			sourceTree = "<group>";
		};
		A5FB305D2555E87D009E1018 /* Vote */ = {
			isa = PBXGroup;
			children = (
				84F4F0E72556A388008E97FC /* CardView */,
				A5FB30522555E813009E1018 /* VoteController.swift */,
				A5FB305A2555E876009E1018 /* Vote.storyboard */,
			);
			path = Vote;
			sourceTree = "<group>";
		};
		A5FB3069255675AF009E1018 /* Result */ = {
			isa = PBXGroup;
			children = (
				A5FB30552555E82D009E1018 /* ResultController.swift */,
				84BC2443255717B3006B86C4 /* ResultTableViewCell.swift */,
				A5FB30662556758B009E1018 /* Result.storyboard */,
			);
			path = Result;
			sourceTree = "<group>";
		};
		A5FB306C255675C3009E1018 /* Screens */ = {
			isa = PBXGroup;
			children = (
				A5FB30582555E869009E1018 /* Room */,
				A5FB305D2555E87D009E1018 /* Vote */,
				A5FB3069255675AF009E1018 /* Result */,
			);
			path = Screens;
			sourceTree = "<group>";
		};
		A5FB306E255675D2009E1018 /* Resources */ = {
			isa = PBXGroup;
			children = (
				A5FB30452555AD41009E1018 /* Assets.xcassets */,
				A5FB30472555AD41009E1018 /* LaunchScreen.storyboard */,
				A5FB304A2555AD41009E1018 /* Info.plist */,
			);
			path = Resources;
			sourceTree = "<group>";
		};
		A5FB306F255675DD009E1018 /* App */ = {
			isa = PBXGroup;
			children = (
				A5FB303C2555AD3E009E1018 /* AppDelegate.swift */,
				A5FB303E2555AD3E009E1018 /* SceneDelegate.swift */,
			);
			path = App;
			sourceTree = "<group>";
		};
		A5FB3070255675E9009E1018 /* Services */ = {
			isa = PBXGroup;
			children = (
				A56FB3632556FE00007C0EC7 /* Models.swift */,
				A5FB30622555F285009E1018 /* Server.swift */,
				A5FB307C255681A9009E1018 /* Storage.swift */,
				A5CFED4E255756DF0092B801 /* Locator.swift */,
			);
			path = Services;
			sourceTree = "<group>";
		};
		A5FB3078255678C9009E1018 /* Extenstions */ = {
			isa = PBXGroup;
			children = (
				A5FB3075255678A8009E1018 /* UIView+Utils.swift */,
				84F4F0CF25568570008E97FC /* UIImageView+Utils.swift */,
				845EECC42556B9D200045425 /* UILabel+Utils.swift */,
				A5207623255712ED00A75DEC /* UIButton+Utils.swift */,
			);
			path = Extenstions;
			sourceTree = "<group>";
		};
/* End PBXGroup section */

/* Begin PBXNativeTarget section */
		A5FB30382555AD3E009E1018 /* JunctionApp */ = {
			isa = PBXNativeTarget;
			buildConfigurationList = A5FB304D2555AD41009E1018 /* Build configuration list for PBXNativeTarget "JunctionApp" */;
			buildPhases = (
				A4D6EF9EE2E69AC1829BA4AC /* [CP] Check Pods Manifest.lock */,
				A5FB30352555AD3E009E1018 /* Sources */,
				A5FB30362555AD3E009E1018 /* Frameworks */,
				A5FB30372555AD3E009E1018 /* Resources */,
				63AD78F70D81395710C0FE7B /* [CP] Embed Pods Frameworks */,
			);
			buildRules = (
			);
			dependencies = (
			);
			name = JunctionApp;
			productName = JunctionApp;
			productReference = A5FB30392555AD3E009E1018 /* JunctionApp.app */;
			productType = "com.apple.product-type.application";
		};
/* End PBXNativeTarget section */

/* Begin PBXProject section */
		A5FB30312555AD3E009E1018 /* Project object */ = {
			isa = PBXProject;
			attributes = {
				LastSwiftUpdateCheck = 1210;
				LastUpgradeCheck = 1210;
				TargetAttributes = {
					A5FB30382555AD3E009E1018 = {
						CreatedOnToolsVersion = 12.1;
					};
				};
			};
			buildConfigurationList = A5FB30342555AD3E009E1018 /* Build configuration list for PBXProject "JunctionApp" */;
			compatibilityVersion = "Xcode 9.3";
			developmentRegion = en;
			hasScannedForEncodings = 0;
			knownRegions = (
				en,
				Base,
			);
			mainGroup = A5FB30302555AD3E009E1018;
			productRefGroup = A5FB303A2555AD3E009E1018 /* Products */;
			projectDirPath = "";
			projectRoot = "";
			targets = (
				A5FB30382555AD3E009E1018 /* JunctionApp */,
			);
		};
/* End PBXProject section */

/* Begin PBXResourcesBuildPhase section */
		A5FB30372555AD3E009E1018 /* Resources */ = {
			isa = PBXResourcesBuildPhase;
			buildActionMask = 2147483647;
			files = (
				A5FB30672556758B009E1018 /* Result.storyboard in Resources */,
				A5FB305B2555E876009E1018 /* Vote.storyboard in Resources */,
				84F4F0DC25568B31008E97FC /* CardView.xib in Resources */,
				A5FB30492555AD41009E1018 /* LaunchScreen.storyboard in Resources */,
				84F4F0E125569B8D008E97FC /* MyCollectionCell.xib in Resources */,
				A5FB30462555AD41009E1018 /* Assets.xcassets in Resources */,
				A5FB30442555AD3E009E1018 /* Room.storyboard in Resources */,
			);
			runOnlyForDeploymentPostprocessing = 0;
		};
/* End PBXResourcesBuildPhase section */

/* Begin PBXShellScriptBuildPhase section */
		63AD78F70D81395710C0FE7B /* [CP] Embed Pods Frameworks */ = {
			isa = PBXShellScriptBuildPhase;
			buildActionMask = 2147483647;
			files = (
			);
			inputFileListPaths = (
				"${PODS_ROOT}/Target Support Files/Pods-JunctionApp/Pods-JunctionApp-frameworks-${CONFIGURATION}-input-files.xcfilelist",
			);
			name = "[CP] Embed Pods Frameworks";
			outputFileListPaths = (
				"${PODS_ROOT}/Target Support Files/Pods-JunctionApp/Pods-JunctionApp-frameworks-${CONFIGURATION}-output-files.xcfilelist",
			);
			runOnlyForDeploymentPostprocessing = 0;
			shellPath = /bin/sh;
			shellScript = "\"${PODS_ROOT}/Target Support Files/Pods-JunctionApp/Pods-JunctionApp-frameworks.sh\"\n";
			showEnvVarsInLog = 0;
		};
		A4D6EF9EE2E69AC1829BA4AC /* [CP] Check Pods Manifest.lock */ = {
			isa = PBXShellScriptBuildPhase;
			buildActionMask = 2147483647;
			files = (
			);
			inputFileListPaths = (
			);
			inputPaths = (
				"${PODS_PODFILE_DIR_PATH}/Podfile.lock",
				"${PODS_ROOT}/Manifest.lock",
			);
			name = "[CP] Check Pods Manifest.lock";
			outputFileListPaths = (
			);
			outputPaths = (
				"$(DERIVED_FILE_DIR)/Pods-JunctionApp-checkManifestLockResult.txt",
			);
			runOnlyForDeploymentPostprocessing = 0;
			shellPath = /bin/sh;
			shellScript = "diff \"${PODS_PODFILE_DIR_PATH}/Podfile.lock\" \"${PODS_ROOT}/Manifest.lock\" > /dev/null\nif [ $? != 0 ] ; then\n    # print error to STDERR\n    echo \"error: The sandbox is not in sync with the Podfile.lock. Run 'pod install' or update your CocoaPods installation.\" >&2\n    exit 1\nfi\n# This output is used by Xcode 'outputs' to avoid re-running this script phase.\necho \"SUCCESS\" > \"${SCRIPT_OUTPUT_FILE_0}\"\n";
			showEnvVarsInLog = 0;
		};
/* End PBXShellScriptBuildPhase section */

/* Begin PBXSourcesBuildPhase section */
		A5FB30352555AD3E009E1018 /* Sources */ = {
			isa = PBXSourcesBuildPhase;
			buildActionMask = 2147483647;
			files = (
				A5FB30632555F285009E1018 /* Server.swift in Sources */,
				A5FB30412555AD3E009E1018 /* RoomController.swift in Sources */,
				A5FB3076255678A8009E1018 /* UIView+Utils.swift in Sources */,
				A5FB30822556923E009E1018 /* NamePopupController.swift in Sources */,
				A5B9DFDF2556BE0B00E91051 /* RoomVooterCell.swift in Sources */,
				A5207624255712ED00A75DEC /* UIButton+Utils.swift in Sources */,
				84F4F0E025569B8D008E97FC /* MyCollectionCell.swift in Sources */,
				84F4F0D925568B24008E97FC /* CardView.swift in Sources */,
				A5FB30532555E813009E1018 /* VoteController.swift in Sources */,
				A5FB307D255681A9009E1018 /* Storage.swift in Sources */,
				A56FB3642556FE00007C0EC7 /* Models.swift in Sources */,
				A5FB30562555E82D009E1018 /* ResultController.swift in Sources */,
				84BC2444255717B3006B86C4 /* ResultTableViewCell.swift in Sources */,
				845EECC52556B9D200045425 /* UILabel+Utils.swift in Sources */,
				A5CFED4F255756DF0092B801 /* Locator.swift in Sources */,
				A5FB303D2555AD3E009E1018 /* AppDelegate.swift in Sources */,
				84F4F0D025568570008E97FC /* UIImageView+Utils.swift in Sources */,
				A5FB303F2555AD3E009E1018 /* SceneDelegate.swift in Sources */,
			);
			runOnlyForDeploymentPostprocessing = 0;
		};
/* End PBXSourcesBuildPhase section */

/* Begin PBXVariantGroup section */
		A5FB30422555AD3E009E1018 /* Room.storyboard */ = {
			isa = PBXVariantGroup;
			children = (
				A5FB30432555AD3E009E1018 /* Base */,
			);
			name = Room.storyboard;
			sourceTree = "<group>";
		};
		A5FB30472555AD41009E1018 /* LaunchScreen.storyboard */ = {
			isa = PBXVariantGroup;
			children = (
				A5FB30482555AD41009E1018 /* Base */,
			);
			name = LaunchScreen.storyboard;
			sourceTree = "<group>";
		};
/* End PBXVariantGroup section */

/* Begin XCBuildConfiguration section */
		A5FB304B2555AD41009E1018 /* Debug */ = {
			isa = XCBuildConfiguration;
			buildSettings = {
				ALWAYS_SEARCH_USER_PATHS = NO;
				CLANG_ANALYZER_NONNULL = YES;
				CLANG_ANALYZER_NUMBER_OBJECT_CONVERSION = YES_AGGRESSIVE;
				CLANG_CXX_LANGUAGE_STANDARD = "gnu++14";
				CLANG_CXX_LIBRARY = "libc++";
				CLANG_ENABLE_MODULES = YES;
				CLANG_ENABLE_OBJC_ARC = YES;
				CLANG_ENABLE_OBJC_WEAK = YES;
				CLANG_WARN_BLOCK_CAPTURE_AUTORELEASING = YES;
				CLANG_WARN_BOOL_CONVERSION = YES;
				CLANG_WARN_COMMA = YES;
				CLANG_WARN_CONSTANT_CONVERSION = YES;
				CLANG_WARN_DEPRECATED_OBJC_IMPLEMENTATIONS = YES;
				CLANG_WARN_DIRECT_OBJC_ISA_USAGE = YES_ERROR;
				CLANG_WARN_DOCUMENTATION_COMMENTS = YES;
				CLANG_WARN_EMPTY_BODY = YES;
				CLANG_WARN_ENUM_CONVERSION = YES;
				CLANG_WARN_INFINITE_RECURSION = YES;
				CLANG_WARN_INT_CONVERSION = YES;
				CLANG_WARN_NON_LITERAL_NULL_CONVERSION = YES;
				CLANG_WARN_OBJC_IMPLICIT_RETAIN_SELF = YES;
				CLANG_WARN_OBJC_LITERAL_CONVERSION = YES;
				CLANG_WARN_OBJC_ROOT_CLASS = YES_ERROR;
				CLANG_WARN_QUOTED_INCLUDE_IN_FRAMEWORK_HEADER = YES;
				CLANG_WARN_RANGE_LOOP_ANALYSIS = YES;
				CLANG_WARN_STRICT_PROTOTYPES = YES;
				CLANG_WARN_SUSPICIOUS_MOVE = YES;
				CLANG_WARN_UNGUARDED_AVAILABILITY = YES_AGGRESSIVE;
				CLANG_WARN_UNREACHABLE_CODE = YES;
				CLANG_WARN__DUPLICATE_METHOD_MATCH = YES;
				COPY_PHASE_STRIP = NO;
				DEBUG_INFORMATION_FORMAT = dwarf;
				ENABLE_STRICT_OBJC_MSGSEND = YES;
				ENABLE_TESTABILITY = YES;
				GCC_C_LANGUAGE_STANDARD = gnu11;
				GCC_DYNAMIC_NO_PIC = NO;
				GCC_NO_COMMON_BLOCKS = YES;
				GCC_OPTIMIZATION_LEVEL = 0;
				GCC_PREPROCESSOR_DEFINITIONS = (
					"DEBUG=1",
					"$(inherited)",
				);
				GCC_WARN_64_TO_32_BIT_CONVERSION = YES;
				GCC_WARN_ABOUT_RETURN_TYPE = YES_ERROR;
				GCC_WARN_UNDECLARED_SELECTOR = YES;
				GCC_WARN_UNINITIALIZED_AUTOS = YES_AGGRESSIVE;
				GCC_WARN_UNUSED_FUNCTION = YES;
				GCC_WARN_UNUSED_VARIABLE = YES;
				IPHONEOS_DEPLOYMENT_TARGET = 14.1;
				MTL_ENABLE_DEBUG_INFO = INCLUDE_SOURCE;
				MTL_FAST_MATH = YES;
				ONLY_ACTIVE_ARCH = YES;
				SDKROOT = iphoneos;
				SWIFT_ACTIVE_COMPILATION_CONDITIONS = DEBUG;
				SWIFT_OPTIMIZATION_LEVEL = "-Onone";
			};
			name = Debug;
		};
		A5FB304C2555AD41009E1018 /* Release */ = {
			isa = XCBuildConfiguration;
			buildSettings = {
				ALWAYS_SEARCH_USER_PATHS = NO;
				CLANG_ANALYZER_NONNULL = YES;
				CLANG_ANALYZER_NUMBER_OBJECT_CONVERSION = YES_AGGRESSIVE;
				CLANG_CXX_LANGUAGE_STANDARD = "gnu++14";
				CLANG_CXX_LIBRARY = "libc++";
				CLANG_ENABLE_MODULES = YES;
				CLANG_ENABLE_OBJC_ARC = YES;
				CLANG_ENABLE_OBJC_WEAK = YES;
				CLANG_WARN_BLOCK_CAPTURE_AUTORELEASING = YES;
				CLANG_WARN_BOOL_CONVERSION = YES;
				CLANG_WARN_COMMA = YES;
				CLANG_WARN_CONSTANT_CONVERSION = YES;
				CLANG_WARN_DEPRECATED_OBJC_IMPLEMENTATIONS = YES;
				CLANG_WARN_DIRECT_OBJC_ISA_USAGE = YES_ERROR;
				CLANG_WARN_DOCUMENTATION_COMMENTS = YES;
				CLANG_WARN_EMPTY_BODY = YES;
				CLANG_WARN_ENUM_CONVERSION = YES;
				CLANG_WARN_INFINITE_RECURSION = YES;
				CLANG_WARN_INT_CONVERSION = YES;
				CLANG_WARN_NON_LITERAL_NULL_CONVERSION = YES;
				CLANG_WARN_OBJC_IMPLICIT_RETAIN_SELF = YES;
				CLANG_WARN_OBJC_LITERAL_CONVERSION = YES;
				CLANG_WARN_OBJC_ROOT_CLASS = YES_ERROR;
				CLANG_WARN_QUOTED_INCLUDE_IN_FRAMEWORK_HEADER = YES;
				CLANG_WARN_RANGE_LOOP_ANALYSIS = YES;
				CLANG_WARN_STRICT_PROTOTYPES = YES;
				CLANG_WARN_SUSPICIOUS_MOVE = YES;
				CLANG_WARN_UNGUARDED_AVAILABILITY = YES_AGGRESSIVE;
				CLANG_WARN_UNREACHABLE_CODE = YES;
				CLANG_WARN__DUPLICATE_METHOD_MATCH = YES;
				COPY_PHASE_STRIP = NO;
				DEBUG_INFORMATION_FORMAT = "dwarf-with-dsym";
				ENABLE_NS_ASSERTIONS = NO;
				ENABLE_STRICT_OBJC_MSGSEND = YES;
				GCC_C_LANGUAGE_STANDARD = gnu11;
				GCC_NO_COMMON_BLOCKS = YES;
				GCC_WARN_64_TO_32_BIT_CONVERSION = YES;
				GCC_WARN_ABOUT_RETURN_TYPE = YES_ERROR;
				GCC_WARN_UNDECLARED_SELECTOR = YES;
				GCC_WARN_UNINITIALIZED_AUTOS = YES_AGGRESSIVE;
				GCC_WARN_UNUSED_FUNCTION = YES;
				GCC_WARN_UNUSED_VARIABLE = YES;
				IPHONEOS_DEPLOYMENT_TARGET = 14.1;
				MTL_ENABLE_DEBUG_INFO = NO;
				MTL_FAST_MATH = YES;
				SDKROOT = iphoneos;
				SWIFT_COMPILATION_MODE = wholemodule;
				SWIFT_OPTIMIZATION_LEVEL = "-O";
				VALIDATE_PRODUCT = YES;
			};
			name = Release;
		};
		A5FB304E2555AD41009E1018 /* Debug */ = {
			isa = XCBuildConfiguration;
			baseConfigurationReference = 5015DF307DE5BE4448481FAB /* Pods-JunctionApp.debug.xcconfig */;
			buildSettings = {
				ASSETCATALOG_COMPILER_APPICON_NAME = AppIcon;
				ASSETCATALOG_COMPILER_GLOBAL_ACCENT_COLOR_NAME = Purple;
				CODE_SIGN_STYLE = Automatic;
				DEVELOPMENT_TEAM = CT884K7983;
				INFOPLIST_FILE = JunctionApp/Resources/Info.plist;
				IPHONEOS_DEPLOYMENT_TARGET = 14.0;
				LD_RUNPATH_SEARCH_PATHS = (
					"$(inherited)",
					"@executable_path/Frameworks",
				);
				PRODUCT_BUNDLE_IDENTIFIER = ru.bestK1ng.JunctionApp;
				PRODUCT_NAME = "$(TARGET_NAME)";
				SWIFT_VERSION = 5.0;
				TARGETED_DEVICE_FAMILY = "1,2";
			};
			name = Debug;
		};
		A5FB304F2555AD41009E1018 /* Release */ = {
			isa = XCBuildConfiguration;
			baseConfigurationReference = 41EA1A7DD5DB656D5D233F6D /* Pods-JunctionApp.release.xcconfig */;
			buildSettings = {
				ASSETCATALOG_COMPILER_APPICON_NAME = AppIcon;
				ASSETCATALOG_COMPILER_GLOBAL_ACCENT_COLOR_NAME = Purple;
				CODE_SIGN_STYLE = Automatic;
				DEVELOPMENT_TEAM = CT884K7983;
				INFOPLIST_FILE = JunctionApp/Resources/Info.plist;
				IPHONEOS_DEPLOYMENT_TARGET = 14.0;
				LD_RUNPATH_SEARCH_PATHS = (
					"$(inherited)",
					"@executable_path/Frameworks",
				);
				PRODUCT_BUNDLE_IDENTIFIER = ru.bestK1ng.JunctionApp;
				PRODUCT_NAME = "$(TARGET_NAME)";
				SWIFT_VERSION = 5.0;
				TARGETED_DEVICE_FAMILY = "1,2";
			};
			name = Release;
		};
/* End XCBuildConfiguration section */

/* Begin XCConfigurationList section */
		A5FB30342555AD3E009E1018 /* Build configuration list for PBXProject "JunctionApp" */ = {
			isa = XCConfigurationList;
			buildConfigurations = (
				A5FB304B2555AD41009E1018 /* Debug */,
				A5FB304C2555AD41009E1018 /* Release */,
			);
			defaultConfigurationIsVisible = 0;
			defaultConfigurationName = Release;
		};
		A5FB304D2555AD41009E1018 /* Build configuration list for PBXNativeTarget "JunctionApp" */ = {
			isa = XCConfigurationList;
			buildConfigurations = (
				A5FB304E2555AD41009E1018 /* Debug */,
				A5FB304F2555AD41009E1018 /* Release */,
			);
			defaultConfigurationIsVisible = 0;
			defaultConfigurationName = Release;
		};
/* End XCConfigurationList section */
	};
	rootObject = A5FB30312555AD3E009E1018 /* Project object */;
}
